
Microsoft Visual Studio Solution File, Format Version 12.00
# Visual Studio Version 17
VisualStudioVersion = 17.9.34607.119
MinimumVisualStudioVersion = 10.0.40219.1
Project("{2150E333-8FDC-42A3-9474-1A3956D46DE8}") = "A - Creational", "A - Creational", "{DC4F672F-2617-4E3F-8F60-F8EF05AA9350}"
EndProject
Project("{2150E333-8FDC-42A3-9474-1A3956D46DE8}") = "B - Structural", "B - Structural", "{225499AA-C5C7-41AD-8016-7266E49969AB}"
EndProject
Project("{2150E333-8FDC-42A3-9474-1A3956D46DE8}") = "C - Behavioral", "C - Behavioral", "{C42E4FE9-9D46-499C-8B29-3291BDB28015}"
EndProject
Project("{2150E333-8FDC-42A3-9474-1A3956D46DE8}") = "20 - State", "20 - State", "{772713C3-3C0D-4F08-A9A8-87C3D1642634}"
EndProject
Project("{9A19103F-16F7-4668-BE54-9A1E7A4F7556}") = "State", "..\src\State\State.csproj", "{BC93E34F-AFC6-46AB-92AA-D07D5A7515DA}"
EndProject
Project("{9A19103F-16F7-4668-BE54-9A1E7A4F7556}") = "StateTests", "..\test\StateTests\StateTests.csproj", "{0A91ED5C-23CF-4D06-A9CB-881774D507B3}"
EndProject
Project("{2150E333-8FDC-42A3-9474-1A3956D46DE8}") = "14 - Strategy", "14 - Strategy", "{B16953E7-8668-405F-A8AA-DD457A5CD836}"
EndProject
Project("{9A19103F-16F7-4668-BE54-9A1E7A4F7556}") = "Strategy", "..\src\Strategy\Strategy.csproj", "{6F96E323-A967-43E1-91FE-2E4DF0D4D337}"
EndProject
Project("{9A19103F-16F7-4668-BE54-9A1E7A4F7556}") = "StrategyTests", "..\src\StrategyTests\StrategyTests.csproj", "{01966C1D-D10A-4603-81AE-6D29691EB22C}"
EndProject
Project("{2150E333-8FDC-42A3-9474-1A3956D46DE8}") = "18 - Chain of Responsibility#", "18 - Chain of Responsibility#", "{38CF5303-09E8-45A7-9B19-7702AA454F64}"
EndProject
Project("{9A19103F-16F7-4668-BE54-9A1E7A4F7556}") = "ChainOfResponsibility", "..\src\ChainOfResponsibility\ChainOfResponsibility.csproj", "{ECB1291C-D9E5-46AD-8EE9-7CCFC3B29258}"
EndProject
Project("{9A19103F-16F7-4668-BE54-9A1E7A4F7556}") = "ChainOfResponsibilityTests", "..\test\ChainOfResponsibilityTests\ChainOfResponsibilityTests.csproj", "{CD32CAAF-82CB-4852-8FC0-C0C364F40916}"
EndProject
Project("{2150E333-8FDC-42A3-9474-1A3956D46DE8}") = "01 - Singleton", "01 - Singleton", "{E2CA602C-01CE-4030-ABA5-47AA91EBC1F6}"
EndProject
Project("{9A19103F-16F7-4668-BE54-9A1E7A4F7556}") = "Singleton", "..\src\Singleton\Singleton.csproj", "{50E56C8A-7089-433E-A19C-4509748EA14C}"
EndProject
Project("{2150E333-8FDC-42A3-9474-1A3956D46DE8}") = "10 - Facade", "10 - Facade", "{58B0B9B1-3FDE-4064-B7B1-34EE739568D4}"
EndProject
Project("{9A19103F-16F7-4668-BE54-9A1E7A4F7556}") = "Facade", "..\src\Facade\Facade.csproj", "{01EAF898-AB38-443C-BCB8-420D1F69B425}"
EndProject
Project("{2150E333-8FDC-42A3-9474-1A3956D46DE8}") = "13 - Template Method", "13 - Template Method", "{66C714DD-B7C5-4962-9221-5B149D69E939}"
EndProject
Project("{9A19103F-16F7-4668-BE54-9A1E7A4F7556}") = "TemplateMethod", "..\src\TemplateMethod\TemplateMethod.csproj", "{4A60A1CD-1EEF-46E1-A77C-179F6C928637}"
EndProject
Project("{2150E333-8FDC-42A3-9474-1A3956D46DE8}") = "Solid", "Solid", "{C6323654-F1D8-4D4F-B84F-B8A54C2B04F0}"
EndProject
Project("{9A19103F-16F7-4668-BE54-9A1E7A4F7556}") = "Solid", "..\src\Solid\Solid.csproj", "{1C9BEE97-FC5C-4063-AD97-CC3825F6942F}"
EndProject
Project("{2150E333-8FDC-42A3-9474-1A3956D46DE8}") = "Exception", "Exception", "{6BB82E4A-2C7B-43BD-B571-4C8F39E8F974}"
EndProject
Project("{9A19103F-16F7-4668-BE54-9A1E7A4F7556}") = "ExceptionConsole", "..\Exception\ExceptionConsole\ExceptionConsole.csproj", "{612E3324-ECA0-44BE-89B8-283A1BD1F9B8}"
EndProject
Project("{2150E333-8FDC-42A3-9474-1A3956D46DE8}") = "22 - Visitor", "22 - Visitor", "{F774C791-0453-43A1-AF0B-50DB6EA798A5}"
EndProject
Project("{9A19103F-16F7-4668-BE54-9A1E7A4F7556}") = "Vistor", "..\src\Vistor\Vistor.csproj", "{E79394D1-F893-43A2-BDD2-4EF059AE6B1A}"
EndProject
Project("{2150E333-8FDC-42A3-9474-1A3956D46DE8}") = "19 - Observer", "19 - Observer", "{0DA005F4-8E46-450A-9073-9D9F1119FEEF}"
EndProject
Project("{FAE04EC0-301F-11D3-BF4B-00C04F79EFBC}") = "Observer", "..\src\Observer\Observer.csproj", "{83EC3988-D39C-4C12-855B-6BA08B306DBB}"
EndProject
Global
	GlobalSection(SolutionConfigurationPlatforms) = preSolution
		Debug|Any CPU = Debug|Any CPU
		Release|Any CPU = Release|Any CPU
	EndGlobalSection
	GlobalSection(ProjectConfigurationPlatforms) = postSolution
		{BC93E34F-AFC6-46AB-92AA-D07D5A7515DA}.Debug|Any CPU.ActiveCfg = Debug|Any CPU
		{BC93E34F-AFC6-46AB-92AA-D07D5A7515DA}.Debug|Any CPU.Build.0 = Debug|Any CPU
		{BC93E34F-AFC6-46AB-92AA-D07D5A7515DA}.Release|Any CPU.ActiveCfg = Release|Any CPU
		{BC93E34F-AFC6-46AB-92AA-D07D5A7515DA}.Release|Any CPU.Build.0 = Release|Any CPU
		{0A91ED5C-23CF-4D06-A9CB-881774D507B3}.Debug|Any CPU.ActiveCfg = Debug|Any CPU
		{0A91ED5C-23CF-4D06-A9CB-881774D507B3}.Debug|Any CPU.Build.0 = Debug|Any CPU
		{0A91ED5C-23CF-4D06-A9CB-881774D507B3}.Release|Any CPU.ActiveCfg = Release|Any CPU
		{0A91ED5C-23CF-4D06-A9CB-881774D507B3}.Release|Any CPU.Build.0 = Release|Any CPU
		{6F96E323-A967-43E1-91FE-2E4DF0D4D337}.Debug|Any CPU.ActiveCfg = Debug|Any CPU
		{6F96E323-A967-43E1-91FE-2E4DF0D4D337}.Debug|Any CPU.Build.0 = Debug|Any CPU
		{6F96E323-A967-43E1-91FE-2E4DF0D4D337}.Release|Any CPU.ActiveCfg = Release|Any CPU
		{6F96E323-A967-43E1-91FE-2E4DF0D4D337}.Release|Any CPU.Build.0 = Release|Any CPU
		{01966C1D-D10A-4603-81AE-6D29691EB22C}.Debug|Any CPU.ActiveCfg = Debug|Any CPU
		{01966C1D-D10A-4603-81AE-6D29691EB22C}.Debug|Any CPU.Build.0 = Debug|Any CPU
		{01966C1D-D10A-4603-81AE-6D29691EB22C}.Release|Any CPU.ActiveCfg = Release|Any CPU
		{01966C1D-D10A-4603-81AE-6D29691EB22C}.Release|Any CPU.Build.0 = Release|Any CPU
		{ECB1291C-D9E5-46AD-8EE9-7CCFC3B29258}.Debug|Any CPU.ActiveCfg = Debug|Any CPU
		{ECB1291C-D9E5-46AD-8EE9-7CCFC3B29258}.Debug|Any CPU.Build.0 = Debug|Any CPU
		{ECB1291C-D9E5-46AD-8EE9-7CCFC3B29258}.Release|Any CPU.ActiveCfg = Release|Any CPU
		{ECB1291C-D9E5-46AD-8EE9-7CCFC3B29258}.Release|Any CPU.Build.0 = Release|Any CPU
		{CD32CAAF-82CB-4852-8FC0-C0C364F40916}.Debug|Any CPU.ActiveCfg = Debug|Any CPU
		{CD32CAAF-82CB-4852-8FC0-C0C364F40916}.Debug|Any CPU.Build.0 = Debug|Any CPU
		{CD32CAAF-82CB-4852-8FC0-C0C364F40916}.Release|Any CPU.ActiveCfg = Release|Any CPU
		{CD32CAAF-82CB-4852-8FC0-C0C364F40916}.Release|Any CPU.Build.0 = Release|Any CPU
		{50E56C8A-7089-433E-A19C-4509748EA14C}.Debug|Any CPU.ActiveCfg = Debug|Any CPU
		{50E56C8A-7089-433E-A19C-4509748EA14C}.Debug|Any CPU.Build.0 = Debug|Any CPU
		{50E56C8A-7089-433E-A19C-4509748EA14C}.Release|Any CPU.ActiveCfg = Release|Any CPU
		{50E56C8A-7089-433E-A19C-4509748EA14C}.Release|Any CPU.Build.0 = Release|Any CPU
		{01EAF898-AB38-443C-BCB8-420D1F69B425}.Debug|Any CPU.ActiveCfg = Debug|Any CPU
		{01EAF898-AB38-443C-BCB8-420D1F69B425}.Debug|Any CPU.Build.0 = Debug|Any CPU
		{01EAF898-AB38-443C-BCB8-420D1F69B425}.Release|Any CPU.ActiveCfg = Release|Any CPU
		{01EAF898-AB38-443C-BCB8-420D1F69B425}.Release|Any CPU.Build.0 = Release|Any CPU
		{4A60A1CD-1EEF-46E1-A77C-179F6C928637}.Debug|Any CPU.ActiveCfg = Debug|Any CPU
		{4A60A1CD-1EEF-46E1-A77C-179F6C928637}.Debug|Any CPU.Build.0 = Debug|Any CPU
		{4A60A1CD-1EEF-46E1-A77C-179F6C928637}.Release|Any CPU.ActiveCfg = Release|Any CPU
		{4A60A1CD-1EEF-46E1-A77C-179F6C928637}.Release|Any CPU.Build.0 = Release|Any CPU
		{1C9BEE97-FC5C-4063-AD97-CC3825F6942F}.Debug|Any CPU.ActiveCfg = Debug|Any CPU
		{1C9BEE97-FC5C-4063-AD97-CC3825F6942F}.Debug|Any CPU.Build.0 = Debug|Any CPU
		{1C9BEE97-FC5C-4063-AD97-CC3825F6942F}.Release|Any CPU.ActiveCfg = Release|Any CPU
		{1C9BEE97-FC5C-4063-AD97-CC3825F6942F}.Release|Any CPU.Build.0 = Release|Any CPU
		{612E3324-ECA0-44BE-89B8-283A1BD1F9B8}.Debug|Any CPU.ActiveCfg = Debug|Any CPU
		{612E3324-ECA0-44BE-89B8-283A1BD1F9B8}.Debug|Any CPU.Build.0 = Debug|Any CPU
		{612E3324-ECA0-44BE-89B8-283A1BD1F9B8}.Release|Any CPU.ActiveCfg = Release|Any CPU
		{612E3324-ECA0-44BE-89B8-283A1BD1F9B8}.Release|Any CPU.Build.0 = Release|Any CPU
		{E79394D1-F893-43A2-BDD2-4EF059AE6B1A}.Debug|Any CPU.ActiveCfg = Debug|Any CPU
		{E79394D1-F893-43A2-BDD2-4EF059AE6B1A}.Debug|Any CPU.Build.0 = Debug|Any CPU
		{E79394D1-F893-43A2-BDD2-4EF059AE6B1A}.Release|Any CPU.ActiveCfg = Release|Any CPU
		{E79394D1-F893-43A2-BDD2-4EF059AE6B1A}.Release|Any CPU.Build.0 = Release|Any CPU
		{83EC3988-D39C-4C12-855B-6BA08B306DBB}.Debug|Any CPU.ActiveCfg = Debug|Any CPU
		{83EC3988-D39C-4C12-855B-6BA08B306DBB}.Debug|Any CPU.Build.0 = Debug|Any CPU
		{83EC3988-D39C-4C12-855B-6BA08B306DBB}.Release|Any CPU.ActiveCfg = Release|Any CPU
		{83EC3988-D39C-4C12-855B-6BA08B306DBB}.Release|Any CPU.Build.0 = Release|Any CPU
	EndGlobalSection
	GlobalSection(SolutionProperties) = preSolution
		HideSolutionNode = FALSE
	EndGlobalSection
	GlobalSection(NestedProjects) = preSolution
		{772713C3-3C0D-4F08-A9A8-87C3D1642634} = {C42E4FE9-9D46-499C-8B29-3291BDB28015}
		{BC93E34F-AFC6-46AB-92AA-D07D5A7515DA} = {772713C3-3C0D-4F08-A9A8-87C3D1642634}
		{0A91ED5C-23CF-4D06-A9CB-881774D507B3} = {772713C3-3C0D-4F08-A9A8-87C3D1642634}
		{B16953E7-8668-405F-A8AA-DD457A5CD836} = {C42E4FE9-9D46-499C-8B29-3291BDB28015}
		{6F96E323-A967-43E1-91FE-2E4DF0D4D337} = {B16953E7-8668-405F-A8AA-DD457A5CD836}
		{01966C1D-D10A-4603-81AE-6D29691EB22C} = {B16953E7-8668-405F-A8AA-DD457A5CD836}
		{38CF5303-09E8-45A7-9B19-7702AA454F64} = {C42E4FE9-9D46-499C-8B29-3291BDB28015}
		{ECB1291C-D9E5-46AD-8EE9-7CCFC3B29258} = {38CF5303-09E8-45A7-9B19-7702AA454F64}
		{CD32CAAF-82CB-4852-8FC0-C0C364F40916} = {38CF5303-09E8-45A7-9B19-7702AA454F64}
		{E2CA602C-01CE-4030-ABA5-47AA91EBC1F6} = {DC4F672F-2617-4E3F-8F60-F8EF05AA9350}
		{50E56C8A-7089-433E-A19C-4509748EA14C} = {E2CA602C-01CE-4030-ABA5-47AA91EBC1F6}
		{58B0B9B1-3FDE-4064-B7B1-34EE739568D4} = {225499AA-C5C7-41AD-8016-7266E49969AB}
		{01EAF898-AB38-443C-BCB8-420D1F69B425} = {58B0B9B1-3FDE-4064-B7B1-34EE739568D4}
		{66C714DD-B7C5-4962-9221-5B149D69E939} = {C42E4FE9-9D46-499C-8B29-3291BDB28015}
		{4A60A1CD-1EEF-46E1-A77C-179F6C928637} = {66C714DD-B7C5-4962-9221-5B149D69E939}
		{1C9BEE97-FC5C-4063-AD97-CC3825F6942F} = {C6323654-F1D8-4D4F-B84F-B8A54C2B04F0}
		{612E3324-ECA0-44BE-89B8-283A1BD1F9B8} = {6BB82E4A-2C7B-43BD-B571-4C8F39E8F974}
		{F774C791-0453-43A1-AF0B-50DB6EA798A5} = {C42E4FE9-9D46-499C-8B29-3291BDB28015}
		{E79394D1-F893-43A2-BDD2-4EF059AE6B1A} = {F774C791-0453-43A1-AF0B-50DB6EA798A5}
		{0DA005F4-8E46-450A-9073-9D9F1119FEEF} = {C42E4FE9-9D46-499C-8B29-3291BDB28015}
		{83EC3988-D39C-4C12-855B-6BA08B306DBB} = {0DA005F4-8E46-450A-9073-9D9F1119FEEF}
	EndGlobalSection
	GlobalSection(ExtensibilityGlobals) = postSolution
		SolutionGuid = {D0E91D98-3C02-47F0-8DEE-129DE96A3611}
	EndGlobalSection
EndGlobal
