
Microsoft Visual Studio Solution File, Format Version 12.00
# Visual Studio Version 17
VisualStudioVersion = 17.9.34607.119
MinimumVisualStudioVersion = 10.0.40219.1
Project("{2150E333-8FDC-42A3-9474-1A3956D46DE8}") = "A - Creational", "A - Creational", "{DC4F672F-2617-4E3F-8F60-F8EF05AA9350}"
EndProject
Project("{2150E333-8FDC-42A3-9474-1A3956D46DE8}") = "B - Structural", "B - Structural", "{225499AA-C5C7-41AD-8016-7266E49969AB}"
EndProject
Project("{2150E333-8FDC-42A3-9474-1A3956D46DE8}") = "C - Behavioral", "C - Behavioral", "{C42E4FE9-9D46-499C-8B29-3291BDB28015}"
EndProject
Project("{2150E333-8FDC-42A3-9474-1A3956D46DE8}") = "20 - State", "20 - State", "{772713C3-3C0D-4F08-A9A8-87C3D1642634}"
EndProject
Project("{9A19103F-16F7-4668-BE54-9A1E7A4F7556}") = "State", "..\src\State\State.csproj", "{BC93E34F-AFC6-46AB-92AA-D07D5A7515DA}"
EndProject
Project("{9A19103F-16F7-4668-BE54-9A1E7A4F7556}") = "StateTests", "..\test\StateTests\StateTests.csproj", "{0A91ED5C-23CF-4D06-A9CB-881774D507B3}"
EndProject
Project("{2150E333-8FDC-42A3-9474-1A3956D46DE8}") = "14 - Strategy", "14 - Strategy", "{B16953E7-8668-405F-A8AA-DD457A5CD836}"
EndProject
Project("{9A19103F-16F7-4668-BE54-9A1E7A4F7556}") = "Strategy", "..\src\Strategy\Strategy.csproj", "{6F96E323-A967-43E1-91FE-2E4DF0D4D337}"
EndProject
Project("{9A19103F-16F7-4668-BE54-9A1E7A4F7556}") = "StrategyTests", "..\src\StrategyTests\StrategyTests.csproj", "{01966C1D-D10A-4603-81AE-6D29691EB22C}"
EndProject
Project("{2150E333-8FDC-42A3-9474-1A3956D46DE8}") = "18 - Chain of Responsibility#", "18 - Chain of Responsibility#", "{38CF5303-09E8-45A7-9B19-7702AA454F64}"
EndProject
Project("{FAE04EC0-301F-11D3-BF4B-00C04F79EFBC}") = "ChainOfResponsibility", "..\src\ChainOfResponsibility\ChainOfResponsibility.csproj", "{ECB1291C-D9E5-46AD-8EE9-7CCFC3B29258}"
EndProject
Global
	GlobalSection(SolutionConfigurationPlatforms) = preSolution
		Debug|Any CPU = Debug|Any CPU
		Release|Any CPU = Release|Any CPU
	EndGlobalSection
	GlobalSection(ProjectConfigurationPlatforms) = postSolution
		{BC93E34F-AFC6-46AB-92AA-D07D5A7515DA}.Debug|Any CPU.ActiveCfg = Debug|Any CPU
		{BC93E34F-AFC6-46AB-92AA-D07D5A7515DA}.Debug|Any CPU.Build.0 = Debug|Any CPU
		{BC93E34F-AFC6-46AB-92AA-D07D5A7515DA}.Release|Any CPU.ActiveCfg = Release|Any CPU
		{BC93E34F-AFC6-46AB-92AA-D07D5A7515DA}.Release|Any CPU.Build.0 = Release|Any CPU
		{0A91ED5C-23CF-4D06-A9CB-881774D507B3}.Debug|Any CPU.ActiveCfg = Debug|Any CPU
		{0A91ED5C-23CF-4D06-A9CB-881774D507B3}.Debug|Any CPU.Build.0 = Debug|Any CPU
		{0A91ED5C-23CF-4D06-A9CB-881774D507B3}.Release|Any CPU.ActiveCfg = Release|Any CPU
		{0A91ED5C-23CF-4D06-A9CB-881774D507B3}.Release|Any CPU.Build.0 = Release|Any CPU
		{6F96E323-A967-43E1-91FE-2E4DF0D4D337}.Debug|Any CPU.ActiveCfg = Debug|Any CPU
		{6F96E323-A967-43E1-91FE-2E4DF0D4D337}.Debug|Any CPU.Build.0 = Debug|Any CPU
		{6F96E323-A967-43E1-91FE-2E4DF0D4D337}.Release|Any CPU.ActiveCfg = Release|Any CPU
		{6F96E323-A967-43E1-91FE-2E4DF0D4D337}.Release|Any CPU.Build.0 = Release|Any CPU
		{01966C1D-D10A-4603-81AE-6D29691EB22C}.Debug|Any CPU.ActiveCfg = Debug|Any CPU
		{01966C1D-D10A-4603-81AE-6D29691EB22C}.Debug|Any CPU.Build.0 = Debug|Any CPU
		{01966C1D-D10A-4603-81AE-6D29691EB22C}.Release|Any CPU.ActiveCfg = Release|Any CPU
		{01966C1D-D10A-4603-81AE-6D29691EB22C}.Release|Any CPU.Build.0 = Release|Any CPU
		{ECB1291C-D9E5-46AD-8EE9-7CCFC3B29258}.Debug|Any CPU.ActiveCfg = Debug|Any CPU
		{ECB1291C-D9E5-46AD-8EE9-7CCFC3B29258}.Debug|Any CPU.Build.0 = Debug|Any CPU
		{ECB1291C-D9E5-46AD-8EE9-7CCFC3B29258}.Release|Any CPU.ActiveCfg = Release|Any CPU
		{ECB1291C-D9E5-46AD-8EE9-7CCFC3B29258}.Release|Any CPU.Build.0 = Release|Any CPU
	EndGlobalSection
	GlobalSection(SolutionProperties) = preSolution
		HideSolutionNode = FALSE
	EndGlobalSection
	GlobalSection(NestedProjects) = preSolution
		{772713C3-3C0D-4F08-A9A8-87C3D1642634} = {C42E4FE9-9D46-499C-8B29-3291BDB28015}
		{BC93E34F-AFC6-46AB-92AA-D07D5A7515DA} = {772713C3-3C0D-4F08-A9A8-87C3D1642634}
		{0A91ED5C-23CF-4D06-A9CB-881774D507B3} = {772713C3-3C0D-4F08-A9A8-87C3D1642634}
		{B16953E7-8668-405F-A8AA-DD457A5CD836} = {C42E4FE9-9D46-499C-8B29-3291BDB28015}
		{6F96E323-A967-43E1-91FE-2E4DF0D4D337} = {B16953E7-8668-405F-A8AA-DD457A5CD836}
		{01966C1D-D10A-4603-81AE-6D29691EB22C} = {B16953E7-8668-405F-A8AA-DD457A5CD836}
		{38CF5303-09E8-45A7-9B19-7702AA454F64} = {C42E4FE9-9D46-499C-8B29-3291BDB28015}
		{ECB1291C-D9E5-46AD-8EE9-7CCFC3B29258} = {38CF5303-09E8-45A7-9B19-7702AA454F64}
	EndGlobalSection
	GlobalSection(ExtensibilityGlobals) = postSolution
		SolutionGuid = {D0E91D98-3C02-47F0-8DEE-129DE96A3611}
	EndGlobalSection
EndGlobal
